
Microsoft Visual Studio Solution File, Format Version 12.00
# Visual Studio 2012
Project("{FAE04EC0-301F-11D3-BF4B-00C04F79EFBC}") = "Thunderstruck", "Thunderstruck\Thunderstruck.csproj", "{0DC5AB48-1DA5-4185-A18E-46C111A82454}"
EndProject
Project("{FAE04EC0-301F-11D3-BF4B-00C04F79EFBC}") = "Thunderstruck.Test", "Thunderstruck.Test\Thunderstruck.Test.csproj", "{1516ECE1-30A2-443A-BB17-1FEE1997ADD3}"
EndProject
Global
	GlobalSection(SolutionConfigurationPlatforms) = preSolution
		Debug|Any CPU = Debug|Any CPU
		Debug|Mixed Platforms = Debug|Mixed Platforms
		Debug|x86 = Debug|x86
		Release|Any CPU = Release|Any CPU
		Release|Mixed Platforms = Release|Mixed Platforms
		Release|x86 = Release|x86
	EndGlobalSection
	GlobalSection(ProjectConfigurationPlatforms) = postSolution
		{0DC5AB48-1DA5-4185-A18E-46C111A82454}.Debug|Any CPU.ActiveCfg = Debug|Any CPU
		{0DC5AB48-1DA5-4185-A18E-46C111A82454}.Debug|Any CPU.Build.0 = Debug|Any CPU
		{0DC5AB48-1DA5-4185-A18E-46C111A82454}.Debug|Mixed Platforms.ActiveCfg = Debug|Any CPU
		{0DC5AB48-1DA5-4185-A18E-46C111A82454}.Debug|Mixed Platforms.Build.0 = Debug|Any CPU
		{0DC5AB48-1DA5-4185-A18E-46C111A82454}.Debug|x86.ActiveCfg = Debug|Any CPU
		{0DC5AB48-1DA5-4185-A18E-46C111A82454}.Release|Any CPU.ActiveCfg = Release|Any CPU
		{0DC5AB48-1DA5-4185-A18E-46C111A82454}.Release|Any CPU.Build.0 = Release|Any CPU
		{0DC5AB48-1DA5-4185-A18E-46C111A82454}.Release|Mixed Platforms.ActiveCfg = Release|Any CPU
		{0DC5AB48-1DA5-4185-A18E-46C111A82454}.Release|Mixed Platforms.Build.0 = Release|Any CPU
		{0DC5AB48-1DA5-4185-A18E-46C111A82454}.Release|x86.ActiveCfg = Release|Any CPU
		{1516ECE1-30A2-443A-BB17-1FEE1997ADD3}.Debug|Any CPU.ActiveCfg = Debug|Any CPU
		{1516ECE1-30A2-443A-BB17-1FEE1997ADD3}.Debug|Any CPU.Build.0 = Debug|Any CPU
		{1516ECE1-30A2-443A-BB17-1FEE1997ADD3}.Debug|Mixed Platforms.ActiveCfg = Debug|Any CPU
		{1516ECE1-30A2-443A-BB17-1FEE1997ADD3}.Debug|Mixed Platforms.Build.0 = Debug|Any CPU
		{1516ECE1-30A2-443A-BB17-1FEE1997ADD3}.Debug|x86.ActiveCfg = Debug|Any CPU
		{1516ECE1-30A2-443A-BB17-1FEE1997ADD3}.Release|Any CPU.ActiveCfg = Release|Any CPU
		{1516ECE1-30A2-443A-BB17-1FEE1997ADD3}.Release|Any CPU.Build.0 = Release|Any CPU
		{1516ECE1-30A2-443A-BB17-1FEE1997ADD3}.Release|Mixed Platforms.ActiveCfg = Release|Any CPU
		{1516ECE1-30A2-443A-BB17-1FEE1997ADD3}.Release|Mixed Platforms.Build.0 = Release|Any CPU
		{1516ECE1-30A2-443A-BB17-1FEE1997ADD3}.Release|x86.ActiveCfg = Release|Any CPU
	EndGlobalSection
	GlobalSection(SolutionProperties) = preSolution
		HideSolutionNode = FALSE
	EndGlobalSection
EndGlobal
